schema: '2.0'
stages:
  data_ingestion:
    cmd: python src/data_ingestion.py
    deps:
    - path: src/data_ingestion.py
      hash: md5
      md5: 9cc51c110e62830c96a9d95a4f13b0de
      size: 3800
    params:
      params.yaml:
        data_ingestion.random_state: 2
        data_ingestion.test_size: 0.3
    outs:
    - path: data/raw
      hash: md5
      md5: 6c14fc5d4581715d0c084959eeff4b01.dir
      size: 479272
      nfiles: 2
  pre_processing:
    cmd: python src/pre_processing.py
    deps:
    - path: data/raw
      hash: md5
      md5: 6c14fc5d4581715d0c084959eeff4b01.dir
      size: 479272
      nfiles: 2
    - path: src/pre_processing.py
      hash: md5
      md5: 9975eb7a76f4fcaab99123d4bb5f4164
      size: 3592
    outs:
    - path: data/interim
      hash: md5
      md5: 8f242121ccd9e0f7112764cf31a7a362.dir
      size: 293643
      nfiles: 2
  feature_engineering:
    cmd: python src/feature_engineering.py
    deps:
    - path: data/interim
      hash: md5
      md5: 8f242121ccd9e0f7112764cf31a7a362.dir
      size: 293643
      nfiles: 2
    - path: src/feature_engineering.py
      hash: md5
      md5: 466504c655fa2362fa1d673a73e62b86
      size: 3797
    params:
      params.yaml:
        feature_engineering.max_features: 50
    outs:
    - path: data/processed
      hash: md5
      md5: 169b4105dcffa5f85aeb8b54636368b9.dir
      size: 1250988
      nfiles: 2
  model_building:
    cmd: python src/model_building.py
    deps:
    - path: data/processed
      hash: md5
      md5: 169b4105dcffa5f85aeb8b54636368b9.dir
      size: 1250988
      nfiles: 2
    - path: src/model_building.py
      hash: md5
      md5: 6975ef6dea20e8804d6985c35affbd30
      size: 4285
    params:
      params.yaml:
        model_building.n_estimators: 25
        model_building.random_state: 2
    outs:
    - path: models/model.pkl
      hash: md5
      md5: f1cc7144d0d4ac0267b40fd20836a1ed
      size: 913529
  model_evaluation:
    cmd: python src/model_evaluation.py
    deps:
    - path: models/model.pkl
      hash: md5
      md5: f1cc7144d0d4ac0267b40fd20836a1ed
      size: 913529
    - path: src/model_evaluation.py
      hash: md5
      md5: 3d141fef61e03cfa36201f30ff848d3a
      size: 4393
    outs:
    - path: reports/metrics.json
      hash: md5
      md5: b0db87fc0106b95a2b9d80c95e9d6164
      size: 144
