schema: '2.0'
stages:
  data_ingestion:
    cmd: python src/data_ingestion.py
    deps:
    - path: src/data_ingestion.py
      hash: md5
      md5: 9cc51c110e62830c96a9d95a4f13b0de
      size: 3800
    params:
      params.yaml:
        data_ingestion.random_state: 2
        data_ingestion.test_size: 0.15
    outs:
    - path: data/raw
      hash: md5
      md5: 97961f893362ed56dad75426638e8648.dir
      size: 479272
      nfiles: 2
  pre_processing:
    cmd: python src/pre_processing.py
    deps:
    - path: data/raw
      hash: md5
      md5: 97961f893362ed56dad75426638e8648.dir
      size: 479272
      nfiles: 2
    - path: src/pre_processing.py
      hash: md5
      md5: 9975eb7a76f4fcaab99123d4bb5f4164
      size: 3592
    outs:
    - path: data/interim
      hash: md5
      md5: 728454d6613d2ec198c2c38dd200fac7.dir
      size: 293643
      nfiles: 2
  feature_engineering:
    cmd: python src/feature_engineering.py
    deps:
    - path: data/interim
      hash: md5
      md5: 728454d6613d2ec198c2c38dd200fac7.dir
      size: 293643
      nfiles: 2
    - path: src/feature_engineering.py
      hash: md5
      md5: 466504c655fa2362fa1d673a73e62b86
      size: 3797
    params:
      params.yaml:
        feature_engineering.max_features: 45
    outs:
    - path: data/processed
      hash: md5
      md5: 04f97f9cb3d28534f55ae7dae959f7fb.dir
      size: 1128715
      nfiles: 2
  model_building:
    cmd: python src/model_building.py
    deps:
    - path: data/processed
      hash: md5
      md5: 04f97f9cb3d28534f55ae7dae959f7fb.dir
      size: 1128715
      nfiles: 2
    - path: src/model_building.py
      hash: md5
      md5: 6975ef6dea20e8804d6985c35affbd30
      size: 4285
    params:
      params.yaml:
        model_building.n_estimators: 20
        model_building.random_state: 2
    outs:
    - path: models/model.pkl
      hash: md5
      md5: d3bd1d65ed0c6b0a3e3a195a19eb2450
      size: 815256
  model_evaluation:
    cmd: python src/model_evaluation.py
    deps:
    - path: models/model.pkl
      hash: md5
      md5: d3bd1d65ed0c6b0a3e3a195a19eb2450
      size: 815256
    - path: src/model_evaluation.py
      hash: md5
      md5: a02428fad217ccc1ac3e517e75ab40e0
      size: 3521
    outs:
    - path: reports/metrics.json
      hash: md5
      md5: 1903698ff1bb1c24c40b13883a9c527f
      size: 144
